
Microsoft Visual Studio Solution File, Format Version 12.00
# Visual Studio Version 17
VisualStudioVersion = 17.5.33502.453
MinimumVisualStudioVersion = 10.0.40219.1
Project("{2150E333-8FDC-42A3-9474-1A3956D46DE8}") = "Src", "Src", "{A5BC05FD-D43C-4AAF-A201-21ECECC0EA4B}"
EndProject
Project("{2150E333-8FDC-42A3-9474-1A3956D46DE8}") = "Core", "Core", "{2F2509CC-4FE2-46D3-A3CA-37C6506249F3}"
EndProject
Project("{2150E333-8FDC-42A3-9474-1A3956D46DE8}") = "External", "External", "{1224CF78-6456-4762-91F8-DB6C0C4B6ACC}"
EndProject
Project("{FAE04EC0-301F-11D3-BF4B-00C04F79EFBC}") = "Application", "Application\Application.csproj", "{9D8E06B5-A74E-4F15-BA7E-8F4F43DFF9E4}"
EndProject
Project("{FAE04EC0-301F-11D3-BF4B-00C04F79EFBC}") = "Domain", "Domain\Domain.csproj", "{DB669C2D-1B4F-4980-B4D9-66AABF21E23A}"
EndProject
Project("{FAE04EC0-301F-11D3-BF4B-00C04F79EFBC}") = "xUnitTests.Core", "CoreTets\xUnitTests.Core.csproj", "{ABC8A971-652C-432A-908F-BE939E5EE989}"
EndProject
Project("{2150E333-8FDC-42A3-9474-1A3956D46DE8}") = "Providers", "Providers", "{6C9079DE-B0CB-4158-9B5F-9BB604EC1EF6}"
EndProject
Project("{FAE04EC0-301F-11D3-BF4B-00C04F79EFBC}") = "MoviesProvider", "MoviesProvider\MoviesProvider.csproj", "{5F8704A1-976E-40F6-B5E0-3D66502E8C81}"
EndProject
Global
	GlobalSection(SolutionConfigurationPlatforms) = preSolution
		Debug|Any CPU = Debug|Any CPU
		Release|Any CPU = Release|Any CPU
	EndGlobalSection
	GlobalSection(ProjectConfigurationPlatforms) = postSolution
		{9D8E06B5-A74E-4F15-BA7E-8F4F43DFF9E4}.Debug|Any CPU.ActiveCfg = Debug|Any CPU
		{9D8E06B5-A74E-4F15-BA7E-8F4F43DFF9E4}.Debug|Any CPU.Build.0 = Debug|Any CPU
		{9D8E06B5-A74E-4F15-BA7E-8F4F43DFF9E4}.Release|Any CPU.ActiveCfg = Release|Any CPU
		{9D8E06B5-A74E-4F15-BA7E-8F4F43DFF9E4}.Release|Any CPU.Build.0 = Release|Any CPU
		{DB669C2D-1B4F-4980-B4D9-66AABF21E23A}.Debug|Any CPU.ActiveCfg = Debug|Any CPU
		{DB669C2D-1B4F-4980-B4D9-66AABF21E23A}.Debug|Any CPU.Build.0 = Debug|Any CPU
		{DB669C2D-1B4F-4980-B4D9-66AABF21E23A}.Release|Any CPU.ActiveCfg = Release|Any CPU
		{DB669C2D-1B4F-4980-B4D9-66AABF21E23A}.Release|Any CPU.Build.0 = Release|Any CPU
		{ABC8A971-652C-432A-908F-BE939E5EE989}.Debug|Any CPU.ActiveCfg = Debug|Any CPU
		{ABC8A971-652C-432A-908F-BE939E5EE989}.Debug|Any CPU.Build.0 = Debug|Any CPU
		{ABC8A971-652C-432A-908F-BE939E5EE989}.Release|Any CPU.ActiveCfg = Release|Any CPU
		{ABC8A971-652C-432A-908F-BE939E5EE989}.Release|Any CPU.Build.0 = Release|Any CPU
		{5F8704A1-976E-40F6-B5E0-3D66502E8C81}.Debug|Any CPU.ActiveCfg = Debug|Any CPU
		{5F8704A1-976E-40F6-B5E0-3D66502E8C81}.Debug|Any CPU.Build.0 = Debug|Any CPU
		{5F8704A1-976E-40F6-B5E0-3D66502E8C81}.Release|Any CPU.ActiveCfg = Release|Any CPU
		{5F8704A1-976E-40F6-B5E0-3D66502E8C81}.Release|Any CPU.Build.0 = Release|Any CPU
	EndGlobalSection
	GlobalSection(SolutionProperties) = preSolution
		HideSolutionNode = FALSE
	EndGlobalSection
	GlobalSection(NestedProjects) = preSolution
		{2F2509CC-4FE2-46D3-A3CA-37C6506249F3} = {A5BC05FD-D43C-4AAF-A201-21ECECC0EA4B}
		{1224CF78-6456-4762-91F8-DB6C0C4B6ACC} = {A5BC05FD-D43C-4AAF-A201-21ECECC0EA4B}
		{9D8E06B5-A74E-4F15-BA7E-8F4F43DFF9E4} = {2F2509CC-4FE2-46D3-A3CA-37C6506249F3}
		{DB669C2D-1B4F-4980-B4D9-66AABF21E23A} = {2F2509CC-4FE2-46D3-A3CA-37C6506249F3}
		{ABC8A971-652C-432A-908F-BE939E5EE989} = {2F2509CC-4FE2-46D3-A3CA-37C6506249F3}
		{6C9079DE-B0CB-4158-9B5F-9BB604EC1EF6} = {A5BC05FD-D43C-4AAF-A201-21ECECC0EA4B}
		{5F8704A1-976E-40F6-B5E0-3D66502E8C81} = {6C9079DE-B0CB-4158-9B5F-9BB604EC1EF6}
	EndGlobalSection
	GlobalSection(ExtensibilityGlobals) = postSolution
		SolutionGuid = {24913BF8-2124-462D-AD05-044582B7CD06}
	EndGlobalSection
EndGlobal
